// !$*UTF8*$!
{
	archiveVersion = 1;
	classes = {
	};
	objectVersion = 56;
	objects = {

/* Begin PBXBuildFile section */
		A10001 /* iPadConnectionApp.swift in Sources */ = {isa = PBXBuildFile; fileRef = B10001 /* iPadConnectionApp.swift */; };
		A10002 /* ContentView.swift in Sources */ = {isa = PBXBuildFile; fileRef = B10002 /* ContentView.swift */; };
		A10003 /* DeviceListView.swift in Sources */ = {isa = PBXBuildFile; fileRef = B10003 /* DeviceListView.swift */; };
		A10004 /* DiagnosticDashboardView.swift in Sources */ = {isa = PBXBuildFile; fileRef = B10004 /* DiagnosticDashboardView.swift */; };
		A10005 /* ConnectionStatusBadge.swift in Sources */ = {isa = PBXBuildFile; fileRef = B10005 /* ConnectionStatusBadge.swift */; };
		A10006 /* MetricGaugeView.swift in Sources */ = {isa = PBXBuildFile; fileRef = B10006 /* MetricGaugeView.swift */; };
		A10007 /* ThroughputTestView.swift in Sources */ = {isa = PBXBuildFile; fileRef = B10007 /* ThroughputTestView.swift */; };
		A10008 /* PeerDevice.swift in Sources */ = {isa = PBXBuildFile; fileRef = B10008 /* PeerDevice.swift */; };
		A10009 /* DiagnosticMetrics.swift in Sources */ = {isa = PBXBuildFile; fileRef = B10009 /* DiagnosticMetrics.swift */; };
		A10010 /* DiagnosticMessage.swift in Sources */ = {isa = PBXBuildFile; fileRef = B10010 /* DiagnosticMessage.swift */; };
		A10011 /* BonjourService.swift in Sources */ = {isa = PBXBuildFile; fileRef = B10011 /* BonjourService.swift */; };
		A10012 /* ConnectionManager.swift in Sources */ = {isa = PBXBuildFile; fileRef = B10012 /* ConnectionManager.swift */; };
		A10013 /* DiagnosticEngine.swift in Sources */ = {isa = PBXBuildFile; fileRef = B10013 /* DiagnosticEngine.swift */; };
		A10014 /* Assets.xcassets in Resources */ = {isa = PBXBuildFile; fileRef = B10014 /* Assets.xcassets */; };
		A10015 /* TestReport.swift in Sources */ = {isa = PBXBuildFile; fileRef = B10017 /* TestReport.swift */; };
		A10016 /* ReportStore.swift in Sources */ = {isa = PBXBuildFile; fileRef = B10018 /* ReportStore.swift */; };
		A10017 /* TestSuiteRunner.swift in Sources */ = {isa = PBXBuildFile; fileRef = B10019 /* TestSuiteRunner.swift */; };
		A10018 /* TestSuiteView.swift in Sources */ = {isa = PBXBuildFile; fileRef = B10020 /* TestSuiteView.swift */; };
		A10019 /* ReportListView.swift in Sources */ = {isa = PBXBuildFile; fileRef = B10021 /* ReportListView.swift */; };
		A10020 /* ReportDetailView.swift in Sources */ = {isa = PBXBuildFile; fileRef = B10022 /* ReportDetailView.swift */; };
		A10021 /* ReportComparisonView.swift in Sources */ = {isa = PBXBuildFile; fileRef = B10023 /* ReportComparisonView.swift */; };
		A10022 /* SystemMonitor.swift in Sources */ = {isa = PBXBuildFile; fileRef = B10024 /* SystemMonitor.swift */; };
/* End PBXBuildFile section */

/* Begin PBXFileReference section */
		B10001 /* iPadConnectionApp.swift */ = {isa = PBXFileReference; lastKnownFileType = sourcecode.swift; path = iPadConnectionApp.swift; sourceTree = "<group>"; };
		B10002 /* ContentView.swift */ = {isa = PBXFileReference; lastKnownFileType = sourcecode.swift; path = ContentView.swift; sourceTree = "<group>"; };
		B10003 /* DeviceListView.swift */ = {isa = PBXFileReference; lastKnownFileType = sourcecode.swift; path = DeviceListView.swift; sourceTree = "<group>"; };
		B10004 /* DiagnosticDashboardView.swift */ = {isa = PBXFileReference; lastKnownFileType = sourcecode.swift; path = DiagnosticDashboardView.swift; sourceTree = "<group>"; };
		B10005 /* ConnectionStatusBadge.swift */ = {isa = PBXFileReference; lastKnownFileType = sourcecode.swift; path = ConnectionStatusBadge.swift; sourceTree = "<group>"; };
		B10006 /* MetricGaugeView.swift */ = {isa = PBXFileReference; lastKnownFileType = sourcecode.swift; path = MetricGaugeView.swift; sourceTree = "<group>"; };
		B10007 /* ThroughputTestView.swift */ = {isa = PBXFileReference; lastKnownFileType = sourcecode.swift; path = ThroughputTestView.swift; sourceTree = "<group>"; };
		B10008 /* PeerDevice.swift */ = {isa = PBXFileReference; lastKnownFileType = sourcecode.swift; path = PeerDevice.swift; sourceTree = "<group>"; };
		B10009 /* DiagnosticMetrics.swift */ = {isa = PBXFileReference; lastKnownFileType = sourcecode.swift; path = DiagnosticMetrics.swift; sourceTree = "<group>"; };
		B10010 /* DiagnosticMessage.swift */ = {isa = PBXFileReference; lastKnownFileType = sourcecode.swift; path = DiagnosticMessage.swift; sourceTree = "<group>"; };
		B10011 /* BonjourService.swift */ = {isa = PBXFileReference; lastKnownFileType = sourcecode.swift; path = BonjourService.swift; sourceTree = "<group>"; };
		B10012 /* ConnectionManager.swift */ = {isa = PBXFileReference; lastKnownFileType = sourcecode.swift; path = ConnectionManager.swift; sourceTree = "<group>"; };
		B10013 /* DiagnosticEngine.swift */ = {isa = PBXFileReference; lastKnownFileType = sourcecode.swift; path = DiagnosticEngine.swift; sourceTree = "<group>"; };
		B10014 /* Assets.xcassets */ = {isa = PBXFileReference; lastKnownFileType = folder.assetcatalog; path = Assets.xcassets; sourceTree = "<group>"; };
		B10015 /* Info.plist */ = {isa = PBXFileReference; lastKnownFileType = text.plist.xml; path = Info.plist; sourceTree = "<group>"; };
		B10016 /* iPadConnection.entitlements */ = {isa = PBXFileReference; lastKnownFileType = text.plist.entitlements; path = iPadConnection.entitlements; sourceTree = "<group>"; };
		C10001 /* iPadConnection.app */ = {isa = PBXFileReference; explicitFileType = wrapper.application; includeInIndex = 0; path = iPadConnection.app; sourceTree = BUILT_PRODUCTS_DIR; };
		B10017 /* TestReport.swift */ = {isa = PBXFileReference; lastKnownFileType = sourcecode.swift; path = TestReport.swift; sourceTree = "<group>"; };
		B10018 /* ReportStore.swift */ = {isa = PBXFileReference; lastKnownFileType = sourcecode.swift; path = ReportStore.swift; sourceTree = "<group>"; };
		B10019 /* TestSuiteRunner.swift */ = {isa = PBXFileReference; lastKnownFileType = sourcecode.swift; path = TestSuiteRunner.swift; sourceTree = "<group>"; };
		B10020 /* TestSuiteView.swift */ = {isa = PBXFileReference; lastKnownFileType = sourcecode.swift; path = TestSuiteView.swift; sourceTree = "<group>"; };
		B10021 /* ReportListView.swift */ = {isa = PBXFileReference; lastKnownFileType = sourcecode.swift; path = ReportListView.swift; sourceTree = "<group>"; };
		B10022 /* ReportDetailView.swift */ = {isa = PBXFileReference; lastKnownFileType = sourcecode.swift; path = ReportDetailView.swift; sourceTree = "<group>"; };
		B10023 /* ReportComparisonView.swift */ = {isa = PBXFileReference; lastKnownFileType = sourcecode.swift; path = ReportComparisonView.swift; sourceTree = "<group>"; };
		B10024 /* SystemMonitor.swift */ = {isa = PBXFileReference; lastKnownFileType = sourcecode.swift; path = SystemMonitor.swift; sourceTree = "<group>"; };
/* End PBXFileReference section */

/* Begin PBXFrameworksBuildPhase section */
		D10001 /* Frameworks */ = {
			isa = PBXFrameworksBuildPhase;
			buildActionMask = 2147483647;
			files = (
			);
			runOnlyForDeploymentPostprocessing = 0;
		};
/* End PBXFrameworksBuildPhase section */

/* Begin PBXGroup section */
		E10001 = {
			isa = PBXGroup;
			children = (
				E10002 /* iPadConnection */,
				E10006 /* Products */,
			);
			sourceTree = "<group>";
		};
		E10002 /* iPadConnection */ = {
			isa = PBXGroup;
			children = (
				B10001 /* iPadConnectionApp.swift */,
				B10015 /* Info.plist */,
				B10016 /* iPadConnection.entitlements */,
				B10014 /* Assets.xcassets */,
				E10003 /* Models */,
				E10004 /* Networking */,
				E10007 /* Services */,
				E10005 /* Views */,
			);
			path = iPadConnection;
			sourceTree = "<group>";
		};
		E10003 /* Models */ = {
			isa = PBXGroup;
			children = (
				B10008 /* PeerDevice.swift */,
				B10009 /* DiagnosticMetrics.swift */,
				B10010 /* DiagnosticMessage.swift */,
				B10017 /* TestReport.swift */,
			);
			path = Models;
			sourceTree = "<group>";
		};
		E10004 /* Networking */ = {
			isa = PBXGroup;
			children = (
				B10011 /* BonjourService.swift */,
				B10012 /* ConnectionManager.swift */,
				B10013 /* DiagnosticEngine.swift */,
			);
			path = Networking;
			sourceTree = "<group>";
		};
		E10005 /* Views */ = {
			isa = PBXGroup;
			children = (
				B10002 /* ContentView.swift */,
				B10003 /* DeviceListView.swift */,
				B10004 /* DiagnosticDashboardView.swift */,
				B10005 /* ConnectionStatusBadge.swift */,
				B10006 /* MetricGaugeView.swift */,
				B10007 /* ThroughputTestView.swift */,
				B10020 /* TestSuiteView.swift */,
				B10021 /* ReportListView.swift */,
				B10022 /* ReportDetailView.swift */,
				B10023 /* ReportComparisonView.swift */,
			);
			path = Views;
			sourceTree = "<group>";
		};
		E10006 /* Products */ = {
			isa = PBXGroup;
			children = (
				C10001 /* iPadConnection.app */,
			);
			name = Products;
			sourceTree = "<group>";
		};
		E10007 /* Services */ = {
			isa = PBXGroup;
			children = (
				B10018 /* ReportStore.swift */,
				B10019 /* TestSuiteRunner.swift */,
				B10024 /* SystemMonitor.swift */,
			);
			path = Services;
			sourceTree = "<group>";
		};
/* End PBXGroup section */

/* Begin PBXNativeTarget section */
		F10001 /* iPadConnection */ = {
			isa = PBXNativeTarget;
			buildConfigurationList = G10003 /* Build configuration list for PBXNativeTarget "iPadConnection" */;
			buildPhases = (
				D10002 /* Sources */,
				D10001 /* Frameworks */,
				D10003 /* Resources */,
			);
			buildRules = (
			);
			dependencies = (
			);
			name = iPadConnection;
			productName = iPadConnection;
			productReference = C10001 /* iPadConnection.app */;
			productType = "com.apple.product-type.application";
		};
/* End PBXNativeTarget section */

/* Begin PBXProject section */
		H10001 /* Project object */ = {
			isa = PBXProject;
			attributes = {
				BuildIndependentTargetsInParallel = 1;
				LastSwiftUpdateCheck = 1500;
				LastUpgradeCheck = 1500;
				TargetAttributes = {
					F10001 = {
						CreatedOnToolsVersion = 15.0;
					};
				};
			};
			buildConfigurationList = G10001 /* Build configuration list for PBXProject "iPadConnection" */;
			compatibilityVersion = "Xcode 14.0";
			developmentRegion = en;
			hasScannedForEncodings = 0;
			knownRegions = (
				en,
				Base,
			);
			mainGroup = E10001;
			productRefGroup = E10006 /* Products */;
			projectDirPath = "";
			projectRoot = "";
			targets = (
				F10001 /* iPadConnection */,
			);
		};
/* End PBXProject section */

/* Begin PBXResourcesBuildPhase section */
		D10003 /* Resources */ = {
			isa = PBXResourcesBuildPhase;
			buildActionMask = 2147483647;
			files = (
				A10014 /* Assets.xcassets in Resources */,
			);
			runOnlyForDeploymentPostprocessing = 0;
		};
/* End PBXResourcesBuildPhase section */

/* Begin PBXSourcesBuildPhase section */
		D10002 /* Sources */ = {
			isa = PBXSourcesBuildPhase;
			buildActionMask = 2147483647;
			files = (
				A10001 /* iPadConnectionApp.swift in Sources */,
				A10002 /* ContentView.swift in Sources */,
				A10003 /* DeviceListView.swift in Sources */,
				A10004 /* DiagnosticDashboardView.swift in Sources */,
				A10005 /* ConnectionStatusBadge.swift in Sources */,
				A10006 /* MetricGaugeView.swift in Sources */,
				A10007 /* ThroughputTestView.swift in Sources */,
				A10008 /* PeerDevice.swift in Sources */,
				A10009 /* DiagnosticMetrics.swift in Sources */,
				A10010 /* DiagnosticMessage.swift in Sources */,
				A10011 /* BonjourService.swift in Sources */,
				A10012 /* ConnectionManager.swift in Sources */,
				A10013 /* DiagnosticEngine.swift in Sources */,
				A10015 /* TestReport.swift in Sources */,
				A10016 /* ReportStore.swift in Sources */,
				A10017 /* TestSuiteRunner.swift in Sources */,
				A10018 /* TestSuiteView.swift in Sources */,
				A10019 /* ReportListView.swift in Sources */,
				A10020 /* ReportDetailView.swift in Sources */,
				A10021 /* ReportComparisonView.swift in Sources */,
				A10022 /* SystemMonitor.swift in Sources */,
			);
			runOnlyForDeploymentPostprocessing = 0;
		};
/* End PBXSourcesBuildPhase section */

/* Begin XCBuildConfiguration section */
		G10002 /* Debug */ = {
			isa = XCBuildConfiguration;
			buildSettings = {
				ALWAYS_SEARCH_USER_PATHS = NO;
				ASSETCATALOG_COMPILER_GENERATE_SWIFT_ASSET_SYMBOL_EXTENSIONS = YES;
				CLANG_ANALYZER_NONNULL = YES;
				CLANG_ANALYZER_NUMBER_OBJECT_CONVERSION = YES_AGGRESSIVE;
				CLANG_CXX_LANGUAGE_STANDARD = "gnu++20";
				CLANG_ENABLE_MODULES = YES;
				CLANG_ENABLE_OBJC_ARC = YES;
				CLANG_ENABLE_OBJC_WEAK = YES;
				CLANG_WARN_BLOCK_CAPTURE_AUTORELEASING = YES;
				CLANG_WARN_BOOL_CONVERSION = YES;
				CLANG_WARN_COMMA = YES;
				CLANG_WARN_CONSTANT_CONVERSION = YES;
				CLANG_WARN_DEPRECATED_OBJC_IMPLEMENTATIONS = YES;
				CLANG_WARN_DIRECT_OBJC_ISA_USAGE = YES_ERROR;
				CLANG_WARN_DOCUMENTATION_COMMENTS = YES;
				CLANG_WARN_EMPTY_BODY = YES;
				CLANG_WARN_ENUM_CONVERSION = YES;
				CLANG_WARN_INFINITE_RECURSION = YES;
				CLANG_WARN_INT_CONVERSION = YES;
				CLANG_WARN_NON_LITERAL_NULL_CONVERSION = YES;
				CLANG_WARN_OBJC_IMPLICIT_RETAIN_SELF = YES;
				CLANG_WARN_OBJC_LITERAL_CONVERSION = YES;
				CLANG_WARN_OBJC_ROOT_CLASS = YES_ERROR;
				CLANG_WARN_QUOTED_INCLUDE_IN_FRAMEWORK_HEADER = YES;
				CLANG_WARN_RANGE_LOOP_ANALYSIS = YES;
				CLANG_WARN_STRICT_PROTOTYPES = YES;
				CLANG_WARN_SUSPICIOUS_MOVE = YES;
				CLANG_WARN_UNGUARDED_AVAILABILITY = YES_AGGRESSIVE;
				CLANG_WARN_UNREACHABLE_CODE = YES;
				CLANG_WARN__DUPLICATE_METHOD_MATCH = YES;
				COPY_PHASE_STRIP = NO;
				DEBUG_INFORMATION_FORMAT = dwarf;
				ENABLE_STRICT_OBJC_MSGSEND = YES;
				ENABLE_TESTABILITY = YES;
				ENABLE_USER_SCRIPT_SANDBOXING = YES;
				GCC_C_LANGUAGE_STANDARD = gnu17;
				GCC_DYNAMIC_NO_PIC = NO;
				GCC_NO_COMMON_BLOCKS = YES;
				GCC_OPTIMIZATION_LEVEL = 0;
				GCC_PREPROCESSOR_DEFINITIONS = (
					"DEBUG=1",
					"$(inherited)",
				);
				GCC_WARN_64_TO_32_BIT_CONVERSION = YES;
				GCC_WARN_ABOUT_RETURN_TYPE = YES_ERROR;
				GCC_WARN_UNDECLARED_SELECTOR = YES;
				GCC_WARN_UNINITIALIZED_AUTOS = YES_AGGRESSIVE;
				GCC_WARN_UNUSED_FUNCTION = YES;
				GCC_WARN_UNUSED_VARIABLE = YES;
				IPHONEOS_DEPLOYMENT_TARGET = 17.0;
				MTL_ENABLE_DEBUG_INFO = INCLUDE_SOURCE;
				MTL_FAST_MATH = YES;
				ONLY_ACTIVE_ARCH = YES;
				SDKROOT = iphoneos;
				SWIFT_ACTIVE_COMPILATION_CONDITIONS = "DEBUG $(inherited)";
				SWIFT_OPTIMIZATION_LEVEL = "-Onone";
			};
			name = Debug;
		};
		G10004 /* Release */ = {
			isa = XCBuildConfiguration;
			buildSettings = {
				ALWAYS_SEARCH_USER_PATHS = NO;
				ASSETCATALOG_COMPILER_GENERATE_SWIFT_ASSET_SYMBOL_EXTENSIONS = YES;
				CLANG_ANALYZER_NONNULL = YES;
				CLANG_ANALYZER_NUMBER_OBJECT_CONVERSION = YES_AGGRESSIVE;
				CLANG_CXX_LANGUAGE_STANDARD = "gnu++20";
				CLANG_ENABLE_MODULES = YES;
				CLANG_ENABLE_OBJC_ARC = YES;
				CLANG_ENABLE_OBJC_WEAK = YES;
				CLANG_WARN_BLOCK_CAPTURE_AUTORELEASING = YES;
				CLANG_WARN_BOOL_CONVERSION = YES;
				CLANG_WARN_COMMA = YES;
				CLANG_WARN_CONSTANT_CONVERSION = YES;
				CLANG_WARN_DEPRECATED_OBJC_IMPLEMENTATIONS = YES;
				CLANG_WARN_DIRECT_OBJC_ISA_USAGE = YES_ERROR;
				CLANG_WARN_DOCUMENTATION_COMMENTS = YES;
				CLANG_WARN_EMPTY_BODY = YES;
				CLANG_WARN_ENUM_CONVERSION = YES;
				CLANG_WARN_INFINITE_RECURSION = YES;
				CLANG_WARN_INT_CONVERSION = YES;
				CLANG_WARN_NON_LITERAL_NULL_CONVERSION = YES;
				CLANG_WARN_OBJC_IMPLICIT_RETAIN_SELF = YES;
				CLANG_WARN_OBJC_LITERAL_CONVERSION = YES;
				CLANG_WARN_OBJC_ROOT_CLASS = YES_ERROR;
				CLANG_WARN_QUOTED_INCLUDE_IN_FRAMEWORK_HEADER = YES;
				CLANG_WARN_RANGE_LOOP_ANALYSIS = YES;
				CLANG_WARN_STRICT_PROTOTYPES = YES;
				CLANG_WARN_SUSPICIOUS_MOVE = YES;
				CLANG_WARN_UNGUARDED_AVAILABILITY = YES_AGGRESSIVE;
				CLANG_WARN_UNREACHABLE_CODE = YES;
				CLANG_WARN__DUPLICATE_METHOD_MATCH = YES;
				COPY_PHASE_STRIP = NO;
				DEBUG_INFORMATION_FORMAT = "dwarf-with-dsym";
				ENABLE_NS_ASSERTIONS = NO;
				ENABLE_STRICT_OBJC_MSGSEND = YES;
				ENABLE_USER_SCRIPT_SANDBOXING = YES;
				GCC_C_LANGUAGE_STANDARD = gnu17;
				GCC_NO_COMMON_BLOCKS = YES;
				GCC_WARN_64_TO_32_BIT_CONVERSION = YES;
				GCC_WARN_ABOUT_RETURN_TYPE = YES_ERROR;
				GCC_WARN_UNDECLARED_SELECTOR = YES;
				GCC_WARN_UNINITIALIZED_AUTOS = YES_AGGRESSIVE;
				GCC_WARN_UNUSED_FUNCTION = YES;
				GCC_WARN_UNUSED_VARIABLE = YES;
				IPHONEOS_DEPLOYMENT_TARGET = 17.0;
				MTL_ENABLE_DEBUG_INFO = NO;
				MTL_FAST_MATH = YES;
				SDKROOT = iphoneos;
				SWIFT_COMPILATION_MODE = wholemodule;
				VALIDATE_PRODUCT = YES;
			};
			name = Release;
		};
		G10005 /* Debug */ = {
			isa = XCBuildConfiguration;
			buildSettings = {
				ASSETCATALOG_COMPILER_APPICON_NAME = AppIcon;
				ASSETCATALOG_COMPILER_GLOBAL_ACCENT_COLOR_NAME = AccentColor;
				CODE_SIGN_ENTITLEMENTS = iPadConnection/iPadConnection.entitlements;
				CODE_SIGN_STYLE = Automatic;
				CURRENT_PROJECT_VERSION = 1;
				DEVELOPMENT_TEAM = Z86ZAY4JRW;
				GENERATE_INFOPLIST_FILE = YES;
				INFOPLIST_FILE = iPadConnection/Info.plist;
				INFOPLIST_KEY_UIApplicationSceneManifest_Generation = YES;
				INFOPLIST_KEY_UIApplicationSupportsIndirectInputEvents = YES;
				INFOPLIST_KEY_UILaunchScreen_Generation = YES;
				INFOPLIST_KEY_UISupportedInterfaceOrientations = "UIInterfaceOrientationLandscapeLeft UIInterfaceOrientationLandscapeRight UIInterfaceOrientationPortrait UIInterfaceOrientationPortraitUpsideDown";
				LD_RUNPATH_SEARCH_PATHS = (
					"$(inherited)",
					"@executable_path/Frameworks",
				);
				MARKETING_VERSION = 1.0;
				PRODUCT_BUNDLE_IDENTIFIER = com.christianlyons.ipadconnection;
				PRODUCT_NAME = "$(TARGET_NAME)";
				SUPPORTED_PLATFORMS = "iphoneos iphonesimulator";
				SUPPORTS_MACCATALYST = NO;
				SWIFT_EMIT_LOC_STRINGS = YES;
				SWIFT_VERSION = 5.0;
				TARGETED_DEVICE_FAMILY = 2;
			};
			name = Debug;
		};
		G10006 /* Release */ = {
			isa = XCBuildConfiguration;
			buildSettings = {
				ASSETCATALOG_COMPILER_APPICON_NAME = AppIcon;
				ASSETCATALOG_COMPILER_GLOBAL_ACCENT_COLOR_NAME = AccentColor;
				CODE_SIGN_ENTITLEMENTS = iPadConnection/iPadConnection.entitlements;
				CODE_SIGN_STYLE = Automatic;
				CURRENT_PROJECT_VERSION = 1;
				DEVELOPMENT_TEAM = Z86ZAY4JRW;
				GENERATE_INFOPLIST_FILE = YES;
				INFOPLIST_FILE = iPadConnection/Info.plist;
				INFOPLIST_KEY_UIApplicationSceneManifest_Generation = YES;
				INFOPLIST_KEY_UIApplicationSupportsIndirectInputEvents = YES;
				INFOPLIST_KEY_UILaunchScreen_Generation = YES;
				INFOPLIST_KEY_UISupportedInterfaceOrientations = "UIInterfaceOrientationLandscapeLeft UIInterfaceOrientationLandscapeRight UIInterfaceOrientationPortrait UIInterfaceOrientationPortraitUpsideDown";
				LD_RUNPATH_SEARCH_PATHS = (
					"$(inherited)",
					"@executable_path/Frameworks",
				);
				MARKETING_VERSION = 1.0;
				PRODUCT_BUNDLE_IDENTIFIER = com.christianlyons.ipadconnection;
				PRODUCT_NAME = "$(TARGET_NAME)";
				SUPPORTED_PLATFORMS = "iphoneos iphonesimulator";
				SUPPORTS_MACCATALYST = NO;
				SWIFT_EMIT_LOC_STRINGS = YES;
				SWIFT_VERSION = 5.0;
				TARGETED_DEVICE_FAMILY = 2;
			};
			name = Release;
		};
/* End XCBuildConfiguration section */

/* Begin XCConfigurationList section */
		G10001 /* Build configuration list for PBXProject "iPadConnection" */ = {
			isa = XCConfigurationList;
			buildConfigurations = (
				G10002 /* Debug */,
				G10004 /* Release */,
			);
			defaultConfigurationIsVisible = 0;
			defaultConfigurationName = Release;
		};
		G10003 /* Build configuration list for PBXNativeTarget "iPadConnection" */ = {
			isa = XCConfigurationList;
			buildConfigurations = (
				G10005 /* Debug */,
				G10006 /* Release */,
			);
			defaultConfigurationIsVisible = 0;
			defaultConfigurationName = Release;
		};
/* End XCConfigurationList section */
	};
	rootObject = H10001 /* Project object */;
}
