// !$*UTF8*$!
{
	archiveVersion = 1;
	classes = {
	};
	objectVersion = 60;
	objects = {

/* Begin PBXBuildFile section */
		28F3B92F98ADE72AC8AFAB44 /* Pods_iPadDx.framework in Frameworks */ = {isa = PBXBuildFile; fileRef = 367BB7BFAFA86B157259F077 /* Pods_iPadDx.framework */; };
		A10001 /* iPadDxApp.swift in Sources */ = {isa = PBXBuildFile; fileRef = B10001 /* iPadDxApp.swift */; };
		A10002 /* ContentView.swift in Sources */ = {isa = PBXBuildFile; fileRef = B10002 /* ContentView.swift */; };
		A10003 /* DeviceListView.swift in Sources */ = {isa = PBXBuildFile; fileRef = B10003 /* DeviceListView.swift */; };
		A10004 /* DiagnosticDashboardView.swift in Sources */ = {isa = PBXBuildFile; fileRef = B10004 /* DiagnosticDashboardView.swift */; };
		A10005 /* ConnectionStatusBadge.swift in Sources */ = {isa = PBXBuildFile; fileRef = B10005 /* ConnectionStatusBadge.swift */; };
		A10006 /* MetricGaugeView.swift in Sources */ = {isa = PBXBuildFile; fileRef = B10006 /* MetricGaugeView.swift */; };
		A10007 /* ThroughputTestView.swift in Sources */ = {isa = PBXBuildFile; fileRef = B10007 /* ThroughputTestView.swift */; };
		A10008 /* PeerDevice.swift in Sources */ = {isa = PBXBuildFile; fileRef = B10008 /* PeerDevice.swift */; };
		A10009 /* DiagnosticMetrics.swift in Sources */ = {isa = PBXBuildFile; fileRef = B10009 /* DiagnosticMetrics.swift */; };
		A10010 /* DiagnosticMessage.swift in Sources */ = {isa = PBXBuildFile; fileRef = B10010 /* DiagnosticMessage.swift */; };
		A10011 /* BonjourService.swift in Sources */ = {isa = PBXBuildFile; fileRef = B10011 /* BonjourService.swift */; };
		A10012 /* ConnectionManager.swift in Sources */ = {isa = PBXBuildFile; fileRef = B10012 /* ConnectionManager.swift */; };
		A10013 /* DiagnosticEngine.swift in Sources */ = {isa = PBXBuildFile; fileRef = B10013 /* DiagnosticEngine.swift */; };
		A10014 /* Assets.xcassets in Resources */ = {isa = PBXBuildFile; fileRef = B10014 /* Assets.xcassets */; };
		A10015 /* TestReport.swift in Sources */ = {isa = PBXBuildFile; fileRef = B10017 /* TestReport.swift */; };
		A10016 /* ReportStore.swift in Sources */ = {isa = PBXBuildFile; fileRef = B10018 /* ReportStore.swift */; };
		A10017 /* TestSuiteRunner.swift in Sources */ = {isa = PBXBuildFile; fileRef = B10019 /* TestSuiteRunner.swift */; };
		A10018 /* TestSuiteView.swift in Sources */ = {isa = PBXBuildFile; fileRef = B10020 /* TestSuiteView.swift */; };
		A10019 /* ReportListView.swift in Sources */ = {isa = PBXBuildFile; fileRef = B10021 /* ReportListView.swift */; };
		A10020 /* ReportDetailView.swift in Sources */ = {isa = PBXBuildFile; fileRef = B10022 /* ReportDetailView.swift */; };
		A10021 /* ReportComparisonView.swift in Sources */ = {isa = PBXBuildFile; fileRef = B10023 /* ReportComparisonView.swift */; };
		A10022 /* SystemMonitor.swift in Sources */ = {isa = PBXBuildFile; fileRef = B10024 /* SystemMonitor.swift */; };
		A10023 /* ReportEntity.swift in Sources */ = {isa = PBXBuildFile; fileRef = B10025 /* ReportEntity.swift */; };
		A10024 /* DeviceIdentifier.swift in Sources */ = {isa = PBXBuildFile; fileRef = B10026 /* DeviceIdentifier.swift */; };
		A10025 /* ReportAnalyticsView.swift in Sources */ = {isa = PBXBuildFile; fileRef = B10027 /* ReportAnalyticsView.swift */; };
		A10026 /* TestSuiteConfig.swift in Sources */ = {isa = PBXBuildFile; fileRef = B10028 /* TestSuiteConfig.swift */; };
		A10027 /* DeviceConnection.swift in Sources */ = {isa = PBXBuildFile; fileRef = B10029 /* DeviceConnection.swift */; };
		A10028 /* ConductorService.swift in Sources */ = {isa = PBXBuildFile; fileRef = B10030 /* ConductorService.swift */; };
		A10029 /* AgentService.swift in Sources */ = {isa = PBXBuildFile; fileRef = B10031 /* AgentService.swift */; };
		A10030 /* ConductorDashboardView.swift in Sources */ = {isa = PBXBuildFile; fileRef = B10032 /* ConductorDashboardView.swift */; };
		A10031 /* AgentStatusView.swift in Sources */ = {isa = PBXBuildFile; fileRef = B10033 /* AgentStatusView.swift */; };
		A10032 /* FleetDeviceCard.swift in Sources */ = {isa = PBXBuildFile; fileRef = B10034 /* FleetDeviceCard.swift */; };
		A10033 /* AnalyticsReportRenderer.swift in Sources */ = {isa = PBXBuildFile; fileRef = B10035 /* AnalyticsReportRenderer.swift */; };
		A10034 /* TestInfoView.swift in Sources */ = {isa = PBXBuildFile; fileRef = B10036 /* TestInfoView.swift */; };
		A10035 /* LogStore.swift in Sources */ = {isa = PBXBuildFile; fileRef = B10037 /* LogStore.swift */; };
		A10036 /* ConsoleLogView.swift in Sources */ = {isa = PBXBuildFile; fileRef = B10038 /* ConsoleLogView.swift */; };
		A10037 /* ReportSummary.swift in Sources */ = {isa = PBXBuildFile; fileRef = B10039 /* ReportSummary.swift */; };
		A10038 /* TransportProvider.swift in Sources */ = {isa = PBXBuildFile; fileRef = B10040 /* TransportProvider.swift */; };
		A10039 /* NativeTransport.swift in Sources */ = {isa = PBXBuildFile; fileRef = B10041 /* NativeTransport.swift */; };
		A10040 /* CordovaTransport.swift in Sources */ = {isa = PBXBuildFile; fileRef = B10042 /* CordovaTransport.swift */; };
		A10041 /* ReactNativeTransport.swift in Sources */ = {isa = PBXBuildFile; fileRef = B10043 /* ReactNativeTransport.swift */; };
		A10042 /* FlutterTransport.swift in Sources */ = {isa = PBXBuildFile; fileRef = B10044 /* FlutterTransport.swift */; };
		A10043 /* CapacitorTransport.swift in Sources */ = {isa = PBXBuildFile; fileRef = B10045 /* CapacitorTransport.swift */; };
		A32CC1C036F2649E2A49BB1C /* App.xcframework in Embed Frameworks */ = {isa = PBXBuildFile; fileRef = C43D4F7A0CF23AC7D3A2EBEA /* App.xcframework */; settings = {ATTRIBUTES = (CodeSignOnCopy, RemoveHeadersOnCopy, ); }; };
		A55C21F82BDA6BB4994328F3 /* Flutter.xcframework in Frameworks */ = {isa = PBXBuildFile; fileRef = 3BE2CF21553EAAC520DFE458 /* Flutter.xcframework */; };
		DE9F5003D7EA693A3BD09A0C /* capacitor_www in Resources */ = {isa = PBXBuildFile; fileRef = 1D148EEE53F5E87EF688EEE2 /* capacitor_www */; };
		E26C4AD941ADDC3163802C76 /* App.xcframework in Frameworks */ = {isa = PBXBuildFile; fileRef = C43D4F7A0CF23AC7D3A2EBEA /* App.xcframework */; };
		E6444C74DDD0C5C2BEFF34FC /* Flutter.xcframework in Embed Frameworks */ = {isa = PBXBuildFile; fileRef = 3BE2CF21553EAAC520DFE458 /* Flutter.xcframework */; settings = {ATTRIBUTES = (CodeSignOnCopy, RemoveHeadersOnCopy, ); }; };
		F1A2B3C4D5E6F70819203142 /* cordova_www in Resources */ = {isa = PBXBuildFile; fileRef = F1A2B3C4D5E6F70819203143 /* cordova_www */; };
/* End PBXBuildFile section */

/* Begin PBXCopyFilesBuildPhase section */
		829F3273AD368B02B85AA50D /* Embed Frameworks */ = {
			isa = PBXCopyFilesBuildPhase;
			buildActionMask = 2147483647;
			dstPath = "";
			dstSubfolderSpec = 10;
			files = (
				E6444C74DDD0C5C2BEFF34FC /* Flutter.xcframework in Embed Frameworks */,
				A32CC1C036F2649E2A49BB1C /* App.xcframework in Embed Frameworks */,
			);
			name = "Embed Frameworks";
			runOnlyForDeploymentPostprocessing = 0;
		};
/* End PBXCopyFilesBuildPhase section */

/* Begin PBXFileReference section */
		1D148EEE53F5E87EF688EEE2 /* capacitor_www */ = {isa = PBXFileReference; includeInIndex = 1; lastKnownFileType = folder; name = capacitor_www; path = iPadDx/Resources/capacitor_www; sourceTree = "<group>"; };
		367BB7BFAFA86B157259F077 /* Pods_iPadDx.framework */ = {isa = PBXFileReference; explicitFileType = wrapper.framework; includeInIndex = 0; path = Pods_iPadDx.framework; sourceTree = BUILT_PRODUCTS_DIR; };
		3BE2CF21553EAAC520DFE458 /* Flutter.xcframework */ = {isa = PBXFileReference; expectedSignature = "AppleDeveloperProgram:S8QB4VV633:FLUTTER.IO LLC"; includeInIndex = 1; lastKnownFileType = wrapper.xcframework; name = Flutter.xcframework; path = Frameworks/Flutter.xcframework; sourceTree = SOURCE_ROOT; };
		7D940F19EA9DC092A8AF7268 /* Pods-iPadDx.debug.xcconfig */ = {isa = PBXFileReference; includeInIndex = 1; lastKnownFileType = text.xcconfig; name = "Pods-iPadDx.debug.xcconfig"; path = "Target Support Files/Pods-iPadDx/Pods-iPadDx.debug.xcconfig"; sourceTree = "<group>"; };
		B10001 /* iPadDxApp.swift */ = {isa = PBXFileReference; lastKnownFileType = sourcecode.swift; path = iPadDxApp.swift; sourceTree = "<group>"; };
		B10002 /* ContentView.swift */ = {isa = PBXFileReference; lastKnownFileType = sourcecode.swift; path = ContentView.swift; sourceTree = "<group>"; };
		B10003 /* DeviceListView.swift */ = {isa = PBXFileReference; lastKnownFileType = sourcecode.swift; path = DeviceListView.swift; sourceTree = "<group>"; };
		B10004 /* DiagnosticDashboardView.swift */ = {isa = PBXFileReference; lastKnownFileType = sourcecode.swift; path = DiagnosticDashboardView.swift; sourceTree = "<group>"; };
		B10005 /* ConnectionStatusBadge.swift */ = {isa = PBXFileReference; lastKnownFileType = sourcecode.swift; path = ConnectionStatusBadge.swift; sourceTree = "<group>"; };
		B10006 /* MetricGaugeView.swift */ = {isa = PBXFileReference; lastKnownFileType = sourcecode.swift; path = MetricGaugeView.swift; sourceTree = "<group>"; };
		B10007 /* ThroughputTestView.swift */ = {isa = PBXFileReference; lastKnownFileType = sourcecode.swift; path = ThroughputTestView.swift; sourceTree = "<group>"; };
		B10008 /* PeerDevice.swift */ = {isa = PBXFileReference; lastKnownFileType = sourcecode.swift; path = PeerDevice.swift; sourceTree = "<group>"; };
		B10009 /* DiagnosticMetrics.swift */ = {isa = PBXFileReference; lastKnownFileType = sourcecode.swift; path = DiagnosticMetrics.swift; sourceTree = "<group>"; };
		B10010 /* DiagnosticMessage.swift */ = {isa = PBXFileReference; lastKnownFileType = sourcecode.swift; path = DiagnosticMessage.swift; sourceTree = "<group>"; };
		B10011 /* BonjourService.swift */ = {isa = PBXFileReference; lastKnownFileType = sourcecode.swift; path = BonjourService.swift; sourceTree = "<group>"; };
		B10012 /* ConnectionManager.swift */ = {isa = PBXFileReference; lastKnownFileType = sourcecode.swift; path = ConnectionManager.swift; sourceTree = "<group>"; };
		B10013 /* DiagnosticEngine.swift */ = {isa = PBXFileReference; lastKnownFileType = sourcecode.swift; path = DiagnosticEngine.swift; sourceTree = "<group>"; };
		B10014 /* Assets.xcassets */ = {isa = PBXFileReference; lastKnownFileType = folder.assetcatalog; path = Assets.xcassets; sourceTree = "<group>"; };
		B10015 /* Info.plist */ = {isa = PBXFileReference; lastKnownFileType = text.plist.xml; path = Info.plist; sourceTree = "<group>"; };
		B10016 /* iPadDx.entitlements */ = {isa = PBXFileReference; lastKnownFileType = text.plist.entitlements; path = iPadDx.entitlements; sourceTree = "<group>"; };
		B10017 /* TestReport.swift */ = {isa = PBXFileReference; lastKnownFileType = sourcecode.swift; path = TestReport.swift; sourceTree = "<group>"; };
		B10018 /* ReportStore.swift */ = {isa = PBXFileReference; lastKnownFileType = sourcecode.swift; path = ReportStore.swift; sourceTree = "<group>"; };
		B10019 /* TestSuiteRunner.swift */ = {isa = PBXFileReference; lastKnownFileType = sourcecode.swift; path = TestSuiteRunner.swift; sourceTree = "<group>"; };
		B10020 /* TestSuiteView.swift */ = {isa = PBXFileReference; lastKnownFileType = sourcecode.swift; path = TestSuiteView.swift; sourceTree = "<group>"; };
		B10021 /* ReportListView.swift */ = {isa = PBXFileReference; lastKnownFileType = sourcecode.swift; path = ReportListView.swift; sourceTree = "<group>"; };
		B10022 /* ReportDetailView.swift */ = {isa = PBXFileReference; lastKnownFileType = sourcecode.swift; path = ReportDetailView.swift; sourceTree = "<group>"; };
		B10023 /* ReportComparisonView.swift */ = {isa = PBXFileReference; lastKnownFileType = sourcecode.swift; path = ReportComparisonView.swift; sourceTree = "<group>"; };
		B10024 /* SystemMonitor.swift */ = {isa = PBXFileReference; lastKnownFileType = sourcecode.swift; path = SystemMonitor.swift; sourceTree = "<group>"; };
		B10025 /* ReportEntity.swift */ = {isa = PBXFileReference; lastKnownFileType = sourcecode.swift; path = ReportEntity.swift; sourceTree = "<group>"; };
		B10026 /* DeviceIdentifier.swift */ = {isa = PBXFileReference; lastKnownFileType = sourcecode.swift; path = DeviceIdentifier.swift; sourceTree = "<group>"; };
		B10027 /* ReportAnalyticsView.swift */ = {isa = PBXFileReference; lastKnownFileType = sourcecode.swift; path = ReportAnalyticsView.swift; sourceTree = "<group>"; };
		B10028 /* TestSuiteConfig.swift */ = {isa = PBXFileReference; lastKnownFileType = sourcecode.swift; path = TestSuiteConfig.swift; sourceTree = "<group>"; };
		B10029 /* DeviceConnection.swift */ = {isa = PBXFileReference; lastKnownFileType = sourcecode.swift; path = DeviceConnection.swift; sourceTree = "<group>"; };
		B10030 /* ConductorService.swift */ = {isa = PBXFileReference; lastKnownFileType = sourcecode.swift; path = ConductorService.swift; sourceTree = "<group>"; };
		B10031 /* AgentService.swift */ = {isa = PBXFileReference; lastKnownFileType = sourcecode.swift; path = AgentService.swift; sourceTree = "<group>"; };
		B10032 /* ConductorDashboardView.swift */ = {isa = PBXFileReference; lastKnownFileType = sourcecode.swift; path = ConductorDashboardView.swift; sourceTree = "<group>"; };
		B10033 /* AgentStatusView.swift */ = {isa = PBXFileReference; lastKnownFileType = sourcecode.swift; path = AgentStatusView.swift; sourceTree = "<group>"; };
		B10034 /* FleetDeviceCard.swift */ = {isa = PBXFileReference; lastKnownFileType = sourcecode.swift; path = FleetDeviceCard.swift; sourceTree = "<group>"; };
		B10035 /* AnalyticsReportRenderer.swift */ = {isa = PBXFileReference; lastKnownFileType = sourcecode.swift; path = AnalyticsReportRenderer.swift; sourceTree = "<group>"; };
		B10036 /* TestInfoView.swift */ = {isa = PBXFileReference; lastKnownFileType = sourcecode.swift; path = TestInfoView.swift; sourceTree = "<group>"; };
		B10037 /* LogStore.swift */ = {isa = PBXFileReference; lastKnownFileType = sourcecode.swift; path = LogStore.swift; sourceTree = "<group>"; };
		B10038 /* ConsoleLogView.swift */ = {isa = PBXFileReference; lastKnownFileType = sourcecode.swift; path = ConsoleLogView.swift; sourceTree = "<group>"; };
		B10039 /* ReportSummary.swift */ = {isa = PBXFileReference; lastKnownFileType = sourcecode.swift; path = ReportSummary.swift; sourceTree = "<group>"; };
		B10040 /* TransportProvider.swift */ = {isa = PBXFileReference; lastKnownFileType = sourcecode.swift; path = TransportProvider.swift; sourceTree = "<group>"; };
		B10041 /* NativeTransport.swift */ = {isa = PBXFileReference; lastKnownFileType = sourcecode.swift; path = NativeTransport.swift; sourceTree = "<group>"; };
		B10042 /* CordovaTransport.swift */ = {isa = PBXFileReference; lastKnownFileType = sourcecode.swift; path = CordovaTransport.swift; sourceTree = "<group>"; };
		B10043 /* ReactNativeTransport.swift */ = {isa = PBXFileReference; lastKnownFileType = sourcecode.swift; path = ReactNativeTransport.swift; sourceTree = "<group>"; };
		B10044 /* FlutterTransport.swift */ = {isa = PBXFileReference; lastKnownFileType = sourcecode.swift; path = FlutterTransport.swift; sourceTree = "<group>"; };
		B10045 /* CapacitorTransport.swift */ = {isa = PBXFileReference; lastKnownFileType = sourcecode.swift; path = CapacitorTransport.swift; sourceTree = "<group>"; };
		C10001 /* iPadDx.app */ = {isa = PBXFileReference; explicitFileType = wrapper.application; includeInIndex = 0; path = iPadDx.app; sourceTree = BUILT_PRODUCTS_DIR; };
		C43D4F7A0CF23AC7D3A2EBEA /* App.xcframework */ = {isa = PBXFileReference; includeInIndex = 1; lastKnownFileType = wrapper.xcframework; name = App.xcframework; path = Frameworks/App.xcframework; sourceTree = SOURCE_ROOT; };
		F1A2B3C4D5E6F70819203143 /* cordova_www */ = {isa = PBXFileReference; includeInIndex = 1; lastKnownFileType = folder; name = cordova_www; path = iPadDx/Resources/cordova_www; sourceTree = "<group>"; };
		FD3442C6EFB9D527CA2128FC /* Pods-iPadDx.release.xcconfig */ = {isa = PBXFileReference; includeInIndex = 1; lastKnownFileType = text.xcconfig; name = "Pods-iPadDx.release.xcconfig"; path = "Target Support Files/Pods-iPadDx/Pods-iPadDx.release.xcconfig"; sourceTree = "<group>"; };
/* End PBXFileReference section */

/* Begin PBXFrameworksBuildPhase section */
		D10001 /* Frameworks */ = {
			isa = PBXFrameworksBuildPhase;
			buildActionMask = 2147483647;
			files = (
				A55C21F82BDA6BB4994328F3 /* Flutter.xcframework in Frameworks */,
				E26C4AD941ADDC3163802C76 /* App.xcframework in Frameworks */,
				28F3B92F98ADE72AC8AFAB44 /* Pods_iPadDx.framework in Frameworks */,
			);
			runOnlyForDeploymentPostprocessing = 0;
		};
/* End PBXFrameworksBuildPhase section */

/* Begin PBXGroup section */
		536829509C70E227C32CB884 /* Pods */ = {
			isa = PBXGroup;
			children = (
				7D940F19EA9DC092A8AF7268 /* Pods-iPadDx.debug.xcconfig */,
				FD3442C6EFB9D527CA2128FC /* Pods-iPadDx.release.xcconfig */,
			);
			name = Pods;
			path = Pods;
			sourceTree = "<group>";
		};
		6CD4546AD2CD0DD675816586 /* Frameworks */ = {
			isa = PBXGroup;
			children = (
				3BE2CF21553EAAC520DFE458 /* Flutter.xcframework */,
				C43D4F7A0CF23AC7D3A2EBEA /* App.xcframework */,
				367BB7BFAFA86B157259F077 /* Pods_iPadDx.framework */,
			);
			name = Frameworks;
			sourceTree = SOURCE_ROOT;
		};
		CD3AC5A3FBEDB0944CCC7BD6 /* Resources */ = {
			isa = PBXGroup;
			children = (
				1D148EEE53F5E87EF688EEE2 /* capacitor_www */,
				F1A2B3C4D5E6F70819203143 /* cordova_www */,
			);
			name = Resources;
			sourceTree = SOURCE_ROOT;
		};
		E10001 = {
			isa = PBXGroup;
			children = (
				E10002 /* iPadDx */,
				E10006 /* Products */,
				6CD4546AD2CD0DD675816586 /* Frameworks */,
				536829509C70E227C32CB884 /* Pods */,
			);
			sourceTree = "<group>";
		};
		E10002 /* iPadDx */ = {
			isa = PBXGroup;
			children = (
				B10001 /* iPadDxApp.swift */,
				B10015 /* Info.plist */,
				B10016 /* iPadDx.entitlements */,
				B10014 /* Assets.xcassets */,
				E10003 /* Models */,
				E10004 /* Networking */,
				E10007 /* Services */,
				E10005 /* Views */,
				CD3AC5A3FBEDB0944CCC7BD6 /* Resources */,
			);
			path = iPadDx;
			sourceTree = "<group>";
		};
		E10003 /* Models */ = {
			isa = PBXGroup;
			children = (
				B10008 /* PeerDevice.swift */,
				B10009 /* DiagnosticMetrics.swift */,
				B10010 /* DiagnosticMessage.swift */,
				B10017 /* TestReport.swift */,
				B10025 /* ReportEntity.swift */,
				B10028 /* TestSuiteConfig.swift */,
				B10029 /* DeviceConnection.swift */,
				B10039 /* ReportSummary.swift */,
			);
			path = Models;
			sourceTree = "<group>";
		};
		E10004 /* Networking */ = {
			isa = PBXGroup;
			children = (
				B10011 /* BonjourService.swift */,
				B10012 /* ConnectionManager.swift */,
				B10013 /* DiagnosticEngine.swift */,
				B10040 /* TransportProvider.swift */,
				B10041 /* NativeTransport.swift */,
				B10042 /* CordovaTransport.swift */,
				B10043 /* ReactNativeTransport.swift */,
				B10044 /* FlutterTransport.swift */,
				B10045 /* CapacitorTransport.swift */,
			);
			path = Networking;
			sourceTree = "<group>";
		};
		E10005 /* Views */ = {
			isa = PBXGroup;
			children = (
				B10002 /* ContentView.swift */,
				B10003 /* DeviceListView.swift */,
				B10004 /* DiagnosticDashboardView.swift */,
				B10005 /* ConnectionStatusBadge.swift */,
				B10006 /* MetricGaugeView.swift */,
				B10007 /* ThroughputTestView.swift */,
				B10020 /* TestSuiteView.swift */,
				B10021 /* ReportListView.swift */,
				B10022 /* ReportDetailView.swift */,
				B10023 /* ReportComparisonView.swift */,
				B10027 /* ReportAnalyticsView.swift */,
				B10032 /* ConductorDashboardView.swift */,
				B10033 /* AgentStatusView.swift */,
				B10034 /* FleetDeviceCard.swift */,
				B10036 /* TestInfoView.swift */,
				B10038 /* ConsoleLogView.swift */,
			);
			path = Views;
			sourceTree = "<group>";
		};
		E10006 /* Products */ = {
			isa = PBXGroup;
			children = (
				C10001 /* iPadDx.app */,
			);
			name = Products;
			sourceTree = "<group>";
		};
		E10007 /* Services */ = {
			isa = PBXGroup;
			children = (
				B10018 /* ReportStore.swift */,
				B10019 /* TestSuiteRunner.swift */,
				B10024 /* SystemMonitor.swift */,
				B10026 /* DeviceIdentifier.swift */,
				B10030 /* ConductorService.swift */,
				B10031 /* AgentService.swift */,
				B10035 /* AnalyticsReportRenderer.swift */,
				B10037 /* LogStore.swift */,
			);
			path = Services;
			sourceTree = "<group>";
		};
/* End PBXGroup section */

/* Begin PBXNativeTarget section */
		F10001 /* iPadDx */ = {
			isa = PBXNativeTarget;
			buildConfigurationList = G10003 /* Build configuration list for PBXNativeTarget "iPadDx" */;
			buildPhases = (
				890410A2F9F74AFB626C2940 /* [CP] Check Pods Manifest.lock */,
				D10002 /* Sources */,
				D10001 /* Frameworks */,
				D10003 /* Resources */,
				829F3273AD368B02B85AA50D /* Embed Frameworks */,
				CC40437B98BE365D9F7DCD60 /* [CP] Embed Pods Frameworks */,
			);
			buildRules = (
			);
			dependencies = (
			);
			name = iPadDx;
			productName = iPadDx;
			productReference = C10001 /* iPadDx.app */;
			productType = "com.apple.product-type.application";
		};
/* End PBXNativeTarget section */

/* Begin PBXProject section */
		H10001 /* Project object */ = {
			isa = PBXProject;
			attributes = {
				BuildIndependentTargetsInParallel = 1;
				LastSwiftUpdateCheck = 1500;
				LastUpgradeCheck = 2630;
				TargetAttributes = {
					F10001 = {
						CreatedOnToolsVersion = 15.0;
					};
				};
			};
			buildConfigurationList = G10001 /* Build configuration list for PBXProject "iPadDx" */;
			compatibilityVersion = "Xcode 14.0";
			developmentRegion = en;
			hasScannedForEncodings = 0;
			knownRegions = (
				en,
				Base,
			);
			mainGroup = E10001;
			productRefGroup = E10006 /* Products */;
			projectDirPath = "";
			projectRoot = "";
			targets = (
				F10001 /* iPadDx */,
			);
		};
/* End PBXProject section */

/* Begin PBXResourcesBuildPhase section */
		D10003 /* Resources */ = {
			isa = PBXResourcesBuildPhase;
			buildActionMask = 2147483647;
			files = (
				A10014 /* Assets.xcassets in Resources */,
				DE9F5003D7EA693A3BD09A0C /* capacitor_www in Resources */,
				F1A2B3C4D5E6F70819203142 /* cordova_www in Resources */,
			);
			runOnlyForDeploymentPostprocessing = 0;
		};
/* End PBXResourcesBuildPhase section */

/* Begin PBXShellScriptBuildPhase section */
		890410A2F9F74AFB626C2940 /* [CP] Check Pods Manifest.lock */ = {
			isa = PBXShellScriptBuildPhase;
			buildActionMask = 2147483647;
			files = (
			);
			inputFileListPaths = (
			);
			inputPaths = (
				"${PODS_PODFILE_DIR_PATH}/Podfile.lock",
				"${PODS_ROOT}/Manifest.lock",
			);
			name = "[CP] Check Pods Manifest.lock";
			outputFileListPaths = (
			);
			outputPaths = (
				"$(DERIVED_FILE_DIR)/Pods-iPadDx-checkManifestLockResult.txt",
			);
			runOnlyForDeploymentPostprocessing = 0;
			shellPath = /bin/sh;
			shellScript = "diff \"${PODS_PODFILE_DIR_PATH}/Podfile.lock\" \"${PODS_ROOT}/Manifest.lock\" > /dev/null\nif [ $? != 0 ] ; then\n    # print error to STDERR\n    echo \"error: The sandbox is not in sync with the Podfile.lock. Run 'pod install' or update your CocoaPods installation.\" >&2\n    exit 1\nfi\n# This output is used by Xcode 'outputs' to avoid re-running this script phase.\necho \"SUCCESS\" > \"${SCRIPT_OUTPUT_FILE_0}\"\n";
			showEnvVarsInLog = 0;
		};
		CC40437B98BE365D9F7DCD60 /* [CP] Embed Pods Frameworks */ = {
			isa = PBXShellScriptBuildPhase;
			buildActionMask = 2147483647;
			files = (
			);
			inputFileListPaths = (
				"${PODS_ROOT}/Target Support Files/Pods-iPadDx/Pods-iPadDx-frameworks-${CONFIGURATION}-input-files.xcfilelist",
			);
			name = "[CP] Embed Pods Frameworks";
			outputFileListPaths = (
				"${PODS_ROOT}/Target Support Files/Pods-iPadDx/Pods-iPadDx-frameworks-${CONFIGURATION}-output-files.xcfilelist",
			);
			runOnlyForDeploymentPostprocessing = 0;
			shellPath = /bin/sh;
			shellScript = "\"${PODS_ROOT}/Target Support Files/Pods-iPadDx/Pods-iPadDx-frameworks.sh\"\n";
			showEnvVarsInLog = 0;
		};
/* End PBXShellScriptBuildPhase section */

/* Begin PBXSourcesBuildPhase section */
		D10002 /* Sources */ = {
			isa = PBXSourcesBuildPhase;
			buildActionMask = 2147483647;
			files = (
				A10001 /* iPadDxApp.swift in Sources */,
				A10002 /* ContentView.swift in Sources */,
				A10003 /* DeviceListView.swift in Sources */,
				A10004 /* DiagnosticDashboardView.swift in Sources */,
				A10005 /* ConnectionStatusBadge.swift in Sources */,
				A10006 /* MetricGaugeView.swift in Sources */,
				A10007 /* ThroughputTestView.swift in Sources */,
				A10008 /* PeerDevice.swift in Sources */,
				A10009 /* DiagnosticMetrics.swift in Sources */,
				A10010 /* DiagnosticMessage.swift in Sources */,
				A10011 /* BonjourService.swift in Sources */,
				A10012 /* ConnectionManager.swift in Sources */,
				A10013 /* DiagnosticEngine.swift in Sources */,
				A10015 /* TestReport.swift in Sources */,
				A10016 /* ReportStore.swift in Sources */,
				A10017 /* TestSuiteRunner.swift in Sources */,
				A10018 /* TestSuiteView.swift in Sources */,
				A10019 /* ReportListView.swift in Sources */,
				A10020 /* ReportDetailView.swift in Sources */,
				A10021 /* ReportComparisonView.swift in Sources */,
				A10022 /* SystemMonitor.swift in Sources */,
				A10023 /* ReportEntity.swift in Sources */,
				A10024 /* DeviceIdentifier.swift in Sources */,
				A10025 /* ReportAnalyticsView.swift in Sources */,
				A10026 /* TestSuiteConfig.swift in Sources */,
				A10027 /* DeviceConnection.swift in Sources */,
				A10028 /* ConductorService.swift in Sources */,
				A10029 /* AgentService.swift in Sources */,
				A10030 /* ConductorDashboardView.swift in Sources */,
				A10031 /* AgentStatusView.swift in Sources */,
				A10032 /* FleetDeviceCard.swift in Sources */,
				A10033 /* AnalyticsReportRenderer.swift in Sources */,
				A10034 /* TestInfoView.swift in Sources */,
				A10035 /* LogStore.swift in Sources */,
				A10036 /* ConsoleLogView.swift in Sources */,
				A10037 /* ReportSummary.swift in Sources */,
				A10038 /* TransportProvider.swift in Sources */,
				A10039 /* NativeTransport.swift in Sources */,
				A10040 /* CordovaTransport.swift in Sources */,
				A10041 /* ReactNativeTransport.swift in Sources */,
				A10042 /* FlutterTransport.swift in Sources */,
				A10043 /* CapacitorTransport.swift in Sources */,
			);
			runOnlyForDeploymentPostprocessing = 0;
		};
/* End PBXSourcesBuildPhase section */

/* Begin XCBuildConfiguration section */
		G10002 /* Debug */ = {
			isa = XCBuildConfiguration;
			buildSettings = {
				ALWAYS_SEARCH_USER_PATHS = NO;
				ASSETCATALOG_COMPILER_GENERATE_SWIFT_ASSET_SYMBOL_EXTENSIONS = YES;
				CLANG_ANALYZER_NONNULL = YES;
				CLANG_ANALYZER_NUMBER_OBJECT_CONVERSION = YES_AGGRESSIVE;
				CLANG_CXX_LANGUAGE_STANDARD = "gnu++20";
				CLANG_ENABLE_MODULES = YES;
				CLANG_ENABLE_OBJC_ARC = YES;
				CLANG_ENABLE_OBJC_WEAK = YES;
				CLANG_WARN_BLOCK_CAPTURE_AUTORELEASING = YES;
				CLANG_WARN_BOOL_CONVERSION = YES;
				CLANG_WARN_COMMA = YES;
				CLANG_WARN_CONSTANT_CONVERSION = YES;
				CLANG_WARN_DEPRECATED_OBJC_IMPLEMENTATIONS = YES;
				CLANG_WARN_DIRECT_OBJC_ISA_USAGE = YES_ERROR;
				CLANG_WARN_DOCUMENTATION_COMMENTS = YES;
				CLANG_WARN_EMPTY_BODY = YES;
				CLANG_WARN_ENUM_CONVERSION = YES;
				CLANG_WARN_INFINITE_RECURSION = YES;
				CLANG_WARN_INT_CONVERSION = YES;
				CLANG_WARN_NON_LITERAL_NULL_CONVERSION = YES;
				CLANG_WARN_OBJC_IMPLICIT_RETAIN_SELF = YES;
				CLANG_WARN_OBJC_LITERAL_CONVERSION = YES;
				CLANG_WARN_OBJC_ROOT_CLASS = YES_ERROR;
				CLANG_WARN_QUOTED_INCLUDE_IN_FRAMEWORK_HEADER = YES;
				CLANG_WARN_RANGE_LOOP_ANALYSIS = YES;
				CLANG_WARN_STRICT_PROTOTYPES = YES;
				CLANG_WARN_SUSPICIOUS_MOVE = YES;
				CLANG_WARN_UNGUARDED_AVAILABILITY = YES_AGGRESSIVE;
				CLANG_WARN_UNREACHABLE_CODE = YES;
				CLANG_WARN__DUPLICATE_METHOD_MATCH = YES;
				COPY_PHASE_STRIP = NO;
				DEBUG_INFORMATION_FORMAT = dwarf;
				DEVELOPMENT_TEAM = Z86ZAY4JRW;
				ENABLE_STRICT_OBJC_MSGSEND = YES;
				ENABLE_TESTABILITY = YES;
				ENABLE_USER_SCRIPT_SANDBOXING = YES;
				GCC_C_LANGUAGE_STANDARD = gnu17;
				GCC_DYNAMIC_NO_PIC = NO;
				GCC_NO_COMMON_BLOCKS = YES;
				GCC_OPTIMIZATION_LEVEL = 0;
				GCC_PREPROCESSOR_DEFINITIONS = (
					"DEBUG=1",
					"$(inherited)",
				);
				GCC_WARN_64_TO_32_BIT_CONVERSION = YES;
				GCC_WARN_ABOUT_RETURN_TYPE = YES_ERROR;
				GCC_WARN_UNDECLARED_SELECTOR = YES;
				GCC_WARN_UNINITIALIZED_AUTOS = YES_AGGRESSIVE;
				GCC_WARN_UNUSED_FUNCTION = YES;
				GCC_WARN_UNUSED_VARIABLE = YES;
				IPHONEOS_DEPLOYMENT_TARGET = 17.0;
				MTL_ENABLE_DEBUG_INFO = INCLUDE_SOURCE;
				MTL_FAST_MATH = YES;
				ONLY_ACTIVE_ARCH = YES;
				SDKROOT = iphoneos;
				STRING_CATALOG_GENERATE_SYMBOLS = YES;
				SWIFT_ACTIVE_COMPILATION_CONDITIONS = "DEBUG $(inherited)";
				SWIFT_OPTIMIZATION_LEVEL = "-Onone";
			};
			name = Debug;
		};
		G10004 /* Release */ = {
			isa = XCBuildConfiguration;
			buildSettings = {
				ALWAYS_SEARCH_USER_PATHS = NO;
				ASSETCATALOG_COMPILER_GENERATE_SWIFT_ASSET_SYMBOL_EXTENSIONS = YES;
				CLANG_ANALYZER_NONNULL = YES;
				CLANG_ANALYZER_NUMBER_OBJECT_CONVERSION = YES_AGGRESSIVE;
				CLANG_CXX_LANGUAGE_STANDARD = "gnu++20";
				CLANG_ENABLE_MODULES = YES;
				CLANG_ENABLE_OBJC_ARC = YES;
				CLANG_ENABLE_OBJC_WEAK = YES;
				CLANG_WARN_BLOCK_CAPTURE_AUTORELEASING = YES;
				CLANG_WARN_BOOL_CONVERSION = YES;
				CLANG_WARN_COMMA = YES;
				CLANG_WARN_CONSTANT_CONVERSION = YES;
				CLANG_WARN_DEPRECATED_OBJC_IMPLEMENTATIONS = YES;
				CLANG_WARN_DIRECT_OBJC_ISA_USAGE = YES_ERROR;
				CLANG_WARN_DOCUMENTATION_COMMENTS = YES;
				CLANG_WARN_EMPTY_BODY = YES;
				CLANG_WARN_ENUM_CONVERSION = YES;
				CLANG_WARN_INFINITE_RECURSION = YES;
				CLANG_WARN_INT_CONVERSION = YES;
				CLANG_WARN_NON_LITERAL_NULL_CONVERSION = YES;
				CLANG_WARN_OBJC_IMPLICIT_RETAIN_SELF = YES;
				CLANG_WARN_OBJC_LITERAL_CONVERSION = YES;
				CLANG_WARN_OBJC_ROOT_CLASS = YES_ERROR;
				CLANG_WARN_QUOTED_INCLUDE_IN_FRAMEWORK_HEADER = YES;
				CLANG_WARN_RANGE_LOOP_ANALYSIS = YES;
				CLANG_WARN_STRICT_PROTOTYPES = YES;
				CLANG_WARN_SUSPICIOUS_MOVE = YES;
				CLANG_WARN_UNGUARDED_AVAILABILITY = YES_AGGRESSIVE;
				CLANG_WARN_UNREACHABLE_CODE = YES;
				CLANG_WARN__DUPLICATE_METHOD_MATCH = YES;
				COPY_PHASE_STRIP = NO;
				DEBUG_INFORMATION_FORMAT = "dwarf-with-dsym";
				DEVELOPMENT_TEAM = Z86ZAY4JRW;
				ENABLE_NS_ASSERTIONS = NO;
				ENABLE_STRICT_OBJC_MSGSEND = YES;
				ENABLE_USER_SCRIPT_SANDBOXING = YES;
				GCC_C_LANGUAGE_STANDARD = gnu17;
				GCC_NO_COMMON_BLOCKS = YES;
				GCC_WARN_64_TO_32_BIT_CONVERSION = YES;
				GCC_WARN_ABOUT_RETURN_TYPE = YES_ERROR;
				GCC_WARN_UNDECLARED_SELECTOR = YES;
				GCC_WARN_UNINITIALIZED_AUTOS = YES_AGGRESSIVE;
				GCC_WARN_UNUSED_FUNCTION = YES;
				GCC_WARN_UNUSED_VARIABLE = YES;
				IPHONEOS_DEPLOYMENT_TARGET = 17.0;
				MTL_ENABLE_DEBUG_INFO = NO;
				MTL_FAST_MATH = YES;
				SDKROOT = iphoneos;
				STRING_CATALOG_GENERATE_SYMBOLS = YES;
				SWIFT_COMPILATION_MODE = wholemodule;
				VALIDATE_PRODUCT = YES;
			};
			name = Release;
		};
		G10005 /* Debug */ = {
			isa = XCBuildConfiguration;
			baseConfigurationReference = 7D940F19EA9DC092A8AF7268 /* Pods-iPadDx.debug.xcconfig */;
			buildSettings = {
				ASSETCATALOG_COMPILER_APPICON_NAME = AppIcon;
				ASSETCATALOG_COMPILER_GLOBAL_ACCENT_COLOR_NAME = AccentColor;
				CODE_SIGN_ENTITLEMENTS = iPadDx/iPadDx.entitlements;
				CODE_SIGN_STYLE = Automatic;
				CURRENT_PROJECT_VERSION = 1;
				ENABLE_USER_SCRIPT_SANDBOXING = NO;
				FRAMEWORK_SEARCH_PATHS = (
					"$(inherited)",
					"$(PROJECT_DIR)/Frameworks",
				);
				GENERATE_INFOPLIST_FILE = YES;
				INFOPLIST_FILE = iPadDx/Info.plist;
				INFOPLIST_KEY_UIApplicationSceneManifest_Generation = YES;
				INFOPLIST_KEY_UIApplicationSupportsIndirectInputEvents = YES;
				INFOPLIST_KEY_UILaunchScreen_Generation = YES;
				INFOPLIST_KEY_UISupportedInterfaceOrientations = "UIInterfaceOrientationLandscapeLeft UIInterfaceOrientationLandscapeRight UIInterfaceOrientationPortrait UIInterfaceOrientationPortraitUpsideDown";
				LD_RUNPATH_SEARCH_PATHS = (
					"$(inherited)",
					"@executable_path/Frameworks",
				);
				MARKETING_VERSION = 1.0;
				PRODUCT_BUNDLE_IDENTIFIER = com.christianlyons.ipadconnection;
				PRODUCT_NAME = "$(TARGET_NAME)";
				SUPPORTED_PLATFORMS = "iphoneos iphonesimulator";
				SUPPORTS_MACCATALYST = NO;
				SWIFT_EMIT_LOC_STRINGS = YES;
				SWIFT_VERSION = 5.0;
				TARGETED_DEVICE_FAMILY = 2;
			};
			name = Debug;
		};
		G10006 /* Release */ = {
			isa = XCBuildConfiguration;
			baseConfigurationReference = FD3442C6EFB9D527CA2128FC /* Pods-iPadDx.release.xcconfig */;
			buildSettings = {
				ASSETCATALOG_COMPILER_APPICON_NAME = AppIcon;
				ASSETCATALOG_COMPILER_GLOBAL_ACCENT_COLOR_NAME = AccentColor;
				CODE_SIGN_ENTITLEMENTS = iPadDx/iPadDx.entitlements;
				CODE_SIGN_STYLE = Automatic;
				CURRENT_PROJECT_VERSION = 1;
				ENABLE_USER_SCRIPT_SANDBOXING = NO;
				FRAMEWORK_SEARCH_PATHS = (
					"$(inherited)",
					"$(PROJECT_DIR)/Frameworks",
				);
				GENERATE_INFOPLIST_FILE = YES;
				INFOPLIST_FILE = iPadDx/Info.plist;
				INFOPLIST_KEY_UIApplicationSceneManifest_Generation = YES;
				INFOPLIST_KEY_UIApplicationSupportsIndirectInputEvents = YES;
				INFOPLIST_KEY_UILaunchScreen_Generation = YES;
				INFOPLIST_KEY_UISupportedInterfaceOrientations = "UIInterfaceOrientationLandscapeLeft UIInterfaceOrientationLandscapeRight UIInterfaceOrientationPortrait UIInterfaceOrientationPortraitUpsideDown";
				LD_RUNPATH_SEARCH_PATHS = (
					"$(inherited)",
					"@executable_path/Frameworks",
				);
				MARKETING_VERSION = 1.0;
				PRODUCT_BUNDLE_IDENTIFIER = com.christianlyons.ipadconnection;
				PRODUCT_NAME = "$(TARGET_NAME)";
				SUPPORTED_PLATFORMS = "iphoneos iphonesimulator";
				SUPPORTS_MACCATALYST = NO;
				SWIFT_EMIT_LOC_STRINGS = YES;
				SWIFT_VERSION = 5.0;
				TARGETED_DEVICE_FAMILY = 2;
			};
			name = Release;
		};
/* End XCBuildConfiguration section */

/* Begin XCConfigurationList section */
		G10001 /* Build configuration list for PBXProject "iPadDx" */ = {
			isa = XCConfigurationList;
			buildConfigurations = (
				G10002 /* Debug */,
				G10004 /* Release */,
			);
			defaultConfigurationIsVisible = 0;
			defaultConfigurationName = Release;
		};
		G10003 /* Build configuration list for PBXNativeTarget "iPadDx" */ = {
			isa = XCConfigurationList;
			buildConfigurations = (
				G10005 /* Debug */,
				G10006 /* Release */,
			);
			defaultConfigurationIsVisible = 0;
			defaultConfigurationName = Release;
		};
/* End XCConfigurationList section */
	};
	rootObject = H10001 /* Project object */;
}
